
Microsoft Visual Studio Solution File, Format Version 12.00
Project("{FAE04EC0-301F-11D3-BF4B-00C04F79EFBC}") = "NAI3", "NAI3\NAI3.csproj", "{131A69E3-C48B-4073-8CB4-0CE0C046EF0E}"
EndProject
Global
	GlobalSection(SolutionConfigurationPlatforms) = preSolution
		Debug|Any CPU = Debug|Any CPU
		Release|Any CPU = Release|Any CPU
	EndGlobalSection
	GlobalSection(ProjectConfigurationPlatforms) = postSolution
		{131A69E3-C48B-4073-8CB4-0CE0C046EF0E}.Debug|Any CPU.ActiveCfg = Debug|Any CPU
		{131A69E3-C48B-4073-8CB4-0CE0C046EF0E}.Debug|Any CPU.Build.0 = Debug|Any CPU
		{131A69E3-C48B-4073-8CB4-0CE0C046EF0E}.Release|Any CPU.ActiveCfg = Release|Any CPU
		{131A69E3-C48B-4073-8CB4-0CE0C046EF0E}.Release|Any CPU.Build.0 = Release|Any CPU
	EndGlobalSection
EndGlobal
